
Microsoft Visual Studio Solution File, Format Version 12.00
# Visual Studio Version 17
VisualStudioVersion = 17.2.32616.157
MinimumVisualStudioVersion = 10.0.40219.1
Project("{FAE04EC0-301F-11D3-BF4B-00C04F79EFBC}") = "ExEmprestimos", "ExEmprestimos.csproj", "{DB447C8F-DA59-428C-BE11-56F270EFB776}"
EndProject
Global
	GlobalSection(SolutionConfigurationPlatforms) = preSolution
		Debug|Any CPU = Debug|Any CPU
		Release|Any CPU = Release|Any CPU
	EndGlobalSection
	GlobalSection(ProjectConfigurationPlatforms) = postSolution
		{DB447C8F-DA59-428C-BE11-56F270EFB776}.Debug|Any CPU.ActiveCfg = Debug|Any CPU
		{DB447C8F-DA59-428C-BE11-56F270EFB776}.Debug|Any CPU.Build.0 = Debug|Any CPU
		{DB447C8F-DA59-428C-BE11-56F270EFB776}.Release|Any CPU.ActiveCfg = Release|Any CPU
		{DB447C8F-DA59-428C-BE11-56F270EFB776}.Release|Any CPU.Build.0 = Release|Any CPU
	EndGlobalSection
	GlobalSection(SolutionProperties) = preSolution
		HideSolutionNode = FALSE
	EndGlobalSection
	GlobalSection(ExtensibilityGlobals) = postSolution
		SolutionGuid = {5BBCC396-FA46-48B0-949A-A2749ED7542F}
	EndGlobalSection
EndGlobal
